<?xml version="1.0" encoding="UTF-8" standalone="yes" ?>
<CodeBlocks_project_file>
	<FileVersion major="1" minor="6" />
	<Project>
		<Option title="CatandMouse" />
		<Option pch_mode="2" />
		<Option compiler="gcc" />
		<Build>
			<Target title="Debug">
				<Option output="bin/Debug/CatandMouse" prefix_auto="1" extension_auto="1" />
				<Option object_output="obj/Debug/" />
				<Option type="1" />
				<Option compiler="gcc" />
				<Compiler>
					<Add option="-g" />
				</Compiler>
			</Target>
			<Target title="Release">
				<Option output="bin/Release/CatandMouse" prefix_auto="1" extension_auto="1" />
				<Option object_output="obj/Release/" />
				<Option type="1" />
				<Option compiler="gcc" />
				<Compiler>
					<Add option="-O2" />
					<Add option="-std=c++11" />
				</Compiler>
				<Linker>
					<Add option="-s" />
					<Add library="sfml-audio-2" />
					<Add library="sfml-graphics-2" />
					<Add library="sfml-window-2" />
					<Add library="sfml-system-2" />
				</Linker>
			</Target>
		</Build>
		<Compiler>
			<Add option="-Wall" />
		</Compiler>
		<Unit filename="car.cpp" />
		<Unit filename="car.h" />
		<Unit filename="clickable.h" />
		<Unit filename="configcontroller.cpp" />
		<Unit filename="configcontroller.h" />
		<Unit filename="configstorable.h" />
		<Unit filename="configunsigned.cpp" />
		<Unit filename="configunsigned.h" />
		<Unit filename="configuration.cpp" />
		<Unit filename="configuration.h" />
		<Unit filename="editor.cpp" />
		<Unit filename="editor.h" />
		<Unit filename="editoroptions.h" />
		<Unit filename="functions.cpp" />
		<Unit filename="functions.h" />
		<Unit filename="game.cpp" />
		<Unit filename="game.h" />
		<Unit filename="main.cpp" />
		<Unit filename="menu.cpp" />
		<Unit filename="menu.h" />
		<Unit filename="menuitem.h" />
		<Unit filename="pauseitem.h" />
		<Unit filename="race.cpp" />
		<Unit filename="race.h" />
		<Unit filename="renderfunctions.cpp" />
		<Unit filename="renderfunctions.h" />
		<Unit filename="tile.h" />
		<Unit filename="track.cpp" />
		<Unit filename="track.h" />
		<Extensions>
			<code_completion />
			<envvars />
			<debugger />
		</Extensions>
	</Project>
</CodeBlocks_project_file>
